<?xml version="1.0" encoding="utf-8"?>
<Project ToolsVersion="4.0" xmlns="http://schemas.microsoft.com/developer/msbuild/2003">
  <ItemGroup>
    <Filter Include="소스 파일">
      <UniqueIdentifier>{4FC737F1-C7A5-4376-A066-2A32D752A2FF}</UniqueIdentifier>
      <Extensions>cpp;c;cc;cxx;def;odl;idl;hpj;bat;asm;asmx</Extensions>
    </Filter>
    <Filter Include="헤더 파일">
      <UniqueIdentifier>{93995380-89BD-4b04-88EB-625FBE52EBFB}</UniqueIdentifier>
      <Extensions>h;hpp;hxx;hm;inl;inc;xsd</Extensions>
    </Filter>
    <Filter Include="리소스 파일">
      <UniqueIdentifier>{67DA6AB6-F800-4c08-8B7A-83BB121AAD01}</UniqueIdentifier>
      <Extensions>rc;ico;cur;bmp;dlg;rc2;rct;bin;rgs;gif;jpg;jpeg;jpe;resx;tiff;tif;png;wav;mfcribbon-ms</Extensions>
    </Filter>
    <Filter Include="http_request">
      <UniqueIdentifier>{c5ca1b7b-31a1-44dc-b555-564efd625ebd}</UniqueIdentifier>
    </Filter>
    <Filter Include="rapidjson">
      <UniqueIdentifier>{2f619a86-5da3-438a-babc-21dfca999544}</UniqueIdentifier>
    </Filter>
    <Filter Include="base64">
      <UniqueIdentifier>{0b122c79-e758-4354-baab-64a66615a065}</UniqueIdentifier>
    </Filter>
    <Filter Include="file">
      <UniqueIdentifier>{ed2b729b-ac47-4b63-aca7-9488314101e8}</UniqueIdentifier>
    </Filter>
  </ItemGroup>
  <ItemGroup>
    <None Include="ReadMe.txt" />
    <None Include="UserImages.bmp">
      <Filter>리소스 파일</Filter>
    </None>
    <None Include="res\SSUM.rc2">
      <Filter>리소스 파일</Filter>
    </None>
    <None Include="res\SSUMDoc.ico">
      <Filter>리소스 파일</Filter>
    </None>
    <None Include="res\SSUM.ico">
      <Filter>리소스 파일</Filter>
    </None>
    <None Include="res\Toolbar.bmp">
      <Filter>리소스 파일</Filter>
    </None>
    <None Include="res\Toolbar256.bmp">
      <Filter>리소스 파일</Filter>
    </None>
    <None Include="..\http-request\lib\http_request_header.inl">
      <Filter>http_request</Filter>
    </None>
    <None Include="..\http-request\lib\http_request_inner.inl">
      <Filter>http_request</Filter>
    </None>
    <None Include="..\http-request\lib\http_response_info.inl">
      <Filter>http_request</Filter>
    </None>
  </ItemGroup>
  <ItemGroup>
    <ClInclude Include="SSUM.h">
      <Filter>헤더 파일</Filter>
    </ClInclude>
    <ClInclude Include="stdafx.h">
      <Filter>헤더 파일</Filter>
    </ClInclude>
    <ClInclude Include="targetver.h">
      <Filter>헤더 파일</Filter>
    </ClInclude>
    <ClInclude Include="MainFrm.h">
      <Filter>헤더 파일</Filter>
    </ClInclude>
    <ClInclude Include="SSUMDoc.h">
      <Filter>헤더 파일</Filter>
    </ClInclude>
    <ClInclude Include="SSUMView.h">
      <Filter>헤더 파일</Filter>
    </ClInclude>
    <ClInclude Include="Resource.h">
      <Filter>헤더 파일</Filter>
    </ClInclude>
    <ClInclude Include="JoinDlg.h">
      <Filter>헤더 파일</Filter>
    </ClInclude>
    <ClInclude Include="User.h">
      <Filter>헤더 파일</Filter>
    </ClInclude>
    <ClInclude Include="TestDlg.h">
      <Filter>헤더 파일</Filter>
    </ClInclude>
    <ClInclude Include="CRDlg.h">
      <Filter>헤더 파일</Filter>
    </ClInclude>
    <ClInclude Include="..\http-request\lib\http_request.h">
      <Filter>http_request</Filter>
    </ClInclude>
    <ClInclude Include="..\http-request\lib\http_request_manager.h">
      <Filter>http_request</Filter>
    </ClInclude>
    <ClInclude Include="..\rapidjson\document.h">
      <Filter>rapidjson</Filter>
    </ClInclude>
    <ClInclude Include="..\rapidjson\filestream.h">
      <Filter>rapidjson</Filter>
    </ClInclude>
    <ClInclude Include="..\rapidjson\prettywriter.h">
      <Filter>rapidjson</Filter>
    </ClInclude>
    <ClInclude Include="..\rapidjson\rapidjson.h">
      <Filter>rapidjson</Filter>
    </ClInclude>
    <ClInclude Include="..\rapidjson\reader.h">
      <Filter>rapidjson</Filter>
    </ClInclude>
    <ClInclude Include="..\rapidjson\stringbuffer.h">
      <Filter>rapidjson</Filter>
    </ClInclude>
    <ClInclude Include="..\rapidjson\writer.h">
      <Filter>rapidjson</Filter>
    </ClInclude>
    <ClInclude Include="UserInfo.h">
      <Filter>헤더 파일</Filter>
    </ClInclude>
    <ClInclude Include="ChatDlg.h">
      <Filter>헤더 파일</Filter>
    </ClInclude>
    <ClInclude Include="base64.h">
      <Filter>base64</Filter>
    </ClInclude>
    <ClInclude Include="file.h">
      <Filter>file</Filter>
    </ClInclude>
    <ClInclude Include="BinaryBubble.h">
      <Filter>헤더 파일</Filter>
    </ClInclude>
    <ClInclude Include="Bubble.h">
      <Filter>헤더 파일</Filter>
    </ClInclude>
    <ClInclude Include="ImageBubble.h">
      <Filter>헤더 파일</Filter>
    </ClInclude>
    <ClInclude Include="StringBubble.h">
      <Filter>헤더 파일</Filter>
    </ClInclude>
  </ItemGroup>
  <ItemGroup>
    <ClCompile Include="SSUM.cpp">
      <Filter>소스 파일</Filter>
    </ClCompile>
    <ClCompile Include="stdafx.cpp">
      <Filter>소스 파일</Filter>
    </ClCompile>
    <ClCompile Include="MainFrm.cpp">
      <Filter>소스 파일</Filter>
    </ClCompile>
    <ClCompile Include="SSUMDoc.cpp">
      <Filter>소스 파일</Filter>
    </ClCompile>
    <ClCompile Include="SSUMView.cpp">
      <Filter>소스 파일</Filter>
    </ClCompile>
    <ClCompile Include="JoinDlg.cpp">
      <Filter>소스 파일</Filter>
    </ClCompile>
    <ClCompile Include="User.cpp">
      <Filter>소스 파일</Filter>
    </ClCompile>
    <ClCompile Include="TestDlg.cpp">
      <Filter>소스 파일</Filter>
    </ClCompile>
    <ClCompile Include="CRDlg.cpp">
      <Filter>소스 파일</Filter>
    </ClCompile>
    <ClCompile Include="UserInfo.cpp">
      <Filter>소스 파일</Filter>
    </ClCompile>
    <ClCompile Include="ChatDlg.cpp">
      <Filter>소스 파일</Filter>
    </ClCompile>
    <ClCompile Include="base64.cpp">
      <Filter>base64</Filter>
    </ClCompile>
    <ClCompile Include="BinaryBubble.cpp">
      <Filter>소스 파일</Filter>
    </ClCompile>
    <ClCompile Include="Bubble.cpp">
      <Filter>소스 파일</Filter>
    </ClCompile>
    <ClCompile Include="ImageBubble.cpp">
      <Filter>소스 파일</Filter>
    </ClCompile>
    <ClCompile Include="StringBubble.cpp">
      <Filter>소스 파일</Filter>
    </ClCompile>
  </ItemGroup>
  <ItemGroup>
    <ResourceCompile Include="SSUM.rc">
      <Filter>리소스 파일</Filter>
    </ResourceCompile>
  </ItemGroup>
</Project>